
Microsoft Visual Studio Solution File, Format Version 12.00
# Visual Studio Version 17
VisualStudioVersion = 17.0.31606.5
MinimumVisualStudioVersion = 10.0.40219.1
Project("{9A19103F-16F7-4668-BE54-9A1E7A4F7556}") = "Api", "Api\Api.csproj", "{97FFE0F2-2DA0-49CB-930B-E0CE9CF9604A}"
EndProject
Project("{9A19103F-16F7-4668-BE54-9A1E7A4F7556}") = "Application", "Application\Application.csproj", "{7A1A72E1-249F-4548-91D3-732CD66ACA73}"
EndProject
Project("{9A19103F-16F7-4668-BE54-9A1E7A4F7556}") = "Domain", "Domain\Domain.csproj", "{F1431533-8CD6-4E4E-864B-9466DAE9CC50}"
EndProject
Project("{9A19103F-16F7-4668-BE54-9A1E7A4F7556}") = "Infrastructure", "Infrastructure\Infrastructure.csproj", "{08611827-18AF-431D-BECA-4E14FC9FA7B9}"
EndProject
Project("{FAE04EC0-301F-11D3-BF4B-00C04F79EFBC}") = "UnitTests", "UnitTests\UnitTests.csproj", "{45FBA7F1-ACDF-40F3-BF4D-7D2FF78EF044}"
EndProject
Global
	GlobalSection(SolutionConfigurationPlatforms) = preSolution
		Debug|Any CPU = Debug|Any CPU
		Release|Any CPU = Release|Any CPU
	EndGlobalSection
	GlobalSection(ProjectConfigurationPlatforms) = postSolution
		{97FFE0F2-2DA0-49CB-930B-E0CE9CF9604A}.Debug|Any CPU.ActiveCfg = Debug|Any CPU
		{97FFE0F2-2DA0-49CB-930B-E0CE9CF9604A}.Debug|Any CPU.Build.0 = Debug|Any CPU
		{97FFE0F2-2DA0-49CB-930B-E0CE9CF9604A}.Release|Any CPU.ActiveCfg = Release|Any CPU
		{97FFE0F2-2DA0-49CB-930B-E0CE9CF9604A}.Release|Any CPU.Build.0 = Release|Any CPU
		{7A1A72E1-249F-4548-91D3-732CD66ACA73}.Debug|Any CPU.ActiveCfg = Debug|Any CPU
		{7A1A72E1-249F-4548-91D3-732CD66ACA73}.Debug|Any CPU.Build.0 = Debug|Any CPU
		{7A1A72E1-249F-4548-91D3-732CD66ACA73}.Release|Any CPU.ActiveCfg = Release|Any CPU
		{7A1A72E1-249F-4548-91D3-732CD66ACA73}.Release|Any CPU.Build.0 = Release|Any CPU
		{F1431533-8CD6-4E4E-864B-9466DAE9CC50}.Debug|Any CPU.ActiveCfg = Debug|Any CPU
		{F1431533-8CD6-4E4E-864B-9466DAE9CC50}.Debug|Any CPU.Build.0 = Debug|Any CPU
		{F1431533-8CD6-4E4E-864B-9466DAE9CC50}.Release|Any CPU.ActiveCfg = Release|Any CPU
		{F1431533-8CD6-4E4E-864B-9466DAE9CC50}.Release|Any CPU.Build.0 = Release|Any CPU
		{08611827-18AF-431D-BECA-4E14FC9FA7B9}.Debug|Any CPU.ActiveCfg = Debug|Any CPU
		{08611827-18AF-431D-BECA-4E14FC9FA7B9}.Debug|Any CPU.Build.0 = Debug|Any CPU
		{08611827-18AF-431D-BECA-4E14FC9FA7B9}.Release|Any CPU.ActiveCfg = Release|Any CPU
		{08611827-18AF-431D-BECA-4E14FC9FA7B9}.Release|Any CPU.Build.0 = Release|Any CPU
		{45FBA7F1-ACDF-40F3-BF4D-7D2FF78EF044}.Debug|Any CPU.ActiveCfg = Debug|Any CPU
		{45FBA7F1-ACDF-40F3-BF4D-7D2FF78EF044}.Debug|Any CPU.Build.0 = Debug|Any CPU
		{45FBA7F1-ACDF-40F3-BF4D-7D2FF78EF044}.Release|Any CPU.ActiveCfg = Release|Any CPU
		{45FBA7F1-ACDF-40F3-BF4D-7D2FF78EF044}.Release|Any CPU.Build.0 = Release|Any CPU
	EndGlobalSection
	GlobalSection(SolutionProperties) = preSolution
		HideSolutionNode = FALSE
	EndGlobalSection
	GlobalSection(ExtensibilityGlobals) = postSolution
		SolutionGuid = {F978BD5B-33CB-440E-9B6B-BA60A43866B2}
	EndGlobalSection
EndGlobal
