
Microsoft Visual Studio Solution File, Format Version 12.00
# Visual Studio Version 16
VisualStudioVersion = 16.0.30114.105
MinimumVisualStudioVersion = 10.0.40219.1
Project("{FAE04EC0-301F-11D3-BF4B-00C04F79EFBC}") = "Api", "Api\Api.csproj", "{E58EB446-B373-45C0-BDC6-67F2126680B0}"
EndProject
Project("{FAE04EC0-301F-11D3-BF4B-00C04F79EFBC}") = "Application", "Application\Application.csproj", "{0594209A-346E-4239-9D41-8CD6CFC6DC22}"
EndProject
Project("{FAE04EC0-301F-11D3-BF4B-00C04F79EFBC}") = "Domain", "Domain\Domain.csproj", "{FE1DA0D5-EDBA-4353-A92D-5FBE3D66A6B3}"
EndProject
Project("{FAE04EC0-301F-11D3-BF4B-00C04F79EFBC}") = "Infrastructure", "Infrastructure\Infrastructure.csproj", "{E7FC8B92-090A-419E-B6FE-FA1BBFF41049}"
EndProject
Global
	GlobalSection(SolutionConfigurationPlatforms) = preSolution
		Debug|Any CPU = Debug|Any CPU
		Release|Any CPU = Release|Any CPU
	EndGlobalSection
	GlobalSection(SolutionProperties) = preSolution
		HideSolutionNode = FALSE
	EndGlobalSection
	GlobalSection(ProjectConfigurationPlatforms) = postSolution
		{E58EB446-B373-45C0-BDC6-67F2126680B0}.Debug|Any CPU.ActiveCfg = Debug|Any CPU
		{E58EB446-B373-45C0-BDC6-67F2126680B0}.Debug|Any CPU.Build.0 = Debug|Any CPU
		{E58EB446-B373-45C0-BDC6-67F2126680B0}.Release|Any CPU.ActiveCfg = Release|Any CPU
		{E58EB446-B373-45C0-BDC6-67F2126680B0}.Release|Any CPU.Build.0 = Release|Any CPU
		{0594209A-346E-4239-9D41-8CD6CFC6DC22}.Debug|Any CPU.ActiveCfg = Debug|Any CPU
		{0594209A-346E-4239-9D41-8CD6CFC6DC22}.Debug|Any CPU.Build.0 = Debug|Any CPU
		{0594209A-346E-4239-9D41-8CD6CFC6DC22}.Release|Any CPU.ActiveCfg = Release|Any CPU
		{0594209A-346E-4239-9D41-8CD6CFC6DC22}.Release|Any CPU.Build.0 = Release|Any CPU
		{FE1DA0D5-EDBA-4353-A92D-5FBE3D66A6B3}.Debug|Any CPU.ActiveCfg = Debug|Any CPU
		{FE1DA0D5-EDBA-4353-A92D-5FBE3D66A6B3}.Debug|Any CPU.Build.0 = Debug|Any CPU
		{FE1DA0D5-EDBA-4353-A92D-5FBE3D66A6B3}.Release|Any CPU.ActiveCfg = Release|Any CPU
		{FE1DA0D5-EDBA-4353-A92D-5FBE3D66A6B3}.Release|Any CPU.Build.0 = Release|Any CPU
		{E7FC8B92-090A-419E-B6FE-FA1BBFF41049}.Debug|Any CPU.ActiveCfg = Debug|Any CPU
		{E7FC8B92-090A-419E-B6FE-FA1BBFF41049}.Debug|Any CPU.Build.0 = Debug|Any CPU
		{E7FC8B92-090A-419E-B6FE-FA1BBFF41049}.Release|Any CPU.ActiveCfg = Release|Any CPU
		{E7FC8B92-090A-419E-B6FE-FA1BBFF41049}.Release|Any CPU.Build.0 = Release|Any CPU
	EndGlobalSection
EndGlobal
